
Microsoft Visual Studio Solution File, Format Version 12.00
# Visual Studio Version 17
VisualStudioVersion = 17.2.32616.157
MinimumVisualStudioVersion = 10.0.40219.1
Project("{9A19103F-16F7-4668-BE54-9A1E7A4F7556}") = "Bulletin.Common.EntityModels", "Bulletin.Common.EntityModels\Bulletin.Common.EntityModels.csproj", "{7CA16463-9A5F-4A68-BDC6-311DAEF0D3ED}"
EndProject
Project("{9A19103F-16F7-4668-BE54-9A1E7A4F7556}") = "Bulletin.Common.DataContext", "Bulletin.Common.DataContext\Bulletin.Common.DataContext.csproj", "{D7A890E5-FE0A-4E85-9589-E1B0F573C6D3}"
EndProject
Project("{9A19103F-16F7-4668-BE54-9A1E7A4F7556}") = "Bulletin.Mvc", "Bulletin.Mvc\Bulletin.Mvc.csproj", "{6DB87A60-34E2-444B-89BE-957A90BFCF06}"
EndProject
Global
	GlobalSection(SolutionConfigurationPlatforms) = preSolution
		Debug|Any CPU = Debug|Any CPU
		Release|Any CPU = Release|Any CPU
	EndGlobalSection
	GlobalSection(ProjectConfigurationPlatforms) = postSolution
		{7CA16463-9A5F-4A68-BDC6-311DAEF0D3ED}.Debug|Any CPU.ActiveCfg = Debug|Any CPU
		{7CA16463-9A5F-4A68-BDC6-311DAEF0D3ED}.Debug|Any CPU.Build.0 = Debug|Any CPU
		{7CA16463-9A5F-4A68-BDC6-311DAEF0D3ED}.Release|Any CPU.ActiveCfg = Release|Any CPU
		{7CA16463-9A5F-4A68-BDC6-311DAEF0D3ED}.Release|Any CPU.Build.0 = Release|Any CPU
		{D7A890E5-FE0A-4E85-9589-E1B0F573C6D3}.Debug|Any CPU.ActiveCfg = Debug|Any CPU
		{D7A890E5-FE0A-4E85-9589-E1B0F573C6D3}.Debug|Any CPU.Build.0 = Debug|Any CPU
		{D7A890E5-FE0A-4E85-9589-E1B0F573C6D3}.Release|Any CPU.ActiveCfg = Release|Any CPU
		{D7A890E5-FE0A-4E85-9589-E1B0F573C6D3}.Release|Any CPU.Build.0 = Release|Any CPU
		{6DB87A60-34E2-444B-89BE-957A90BFCF06}.Debug|Any CPU.ActiveCfg = Debug|Any CPU
		{6DB87A60-34E2-444B-89BE-957A90BFCF06}.Debug|Any CPU.Build.0 = Debug|Any CPU
		{6DB87A60-34E2-444B-89BE-957A90BFCF06}.Release|Any CPU.ActiveCfg = Release|Any CPU
		{6DB87A60-34E2-444B-89BE-957A90BFCF06}.Release|Any CPU.Build.0 = Release|Any CPU
	EndGlobalSection
	GlobalSection(SolutionProperties) = preSolution
		HideSolutionNode = FALSE
	EndGlobalSection
	GlobalSection(ExtensibilityGlobals) = postSolution
		SolutionGuid = {DCF36216-3D31-4767-8E14-234E2C212AB9}
	EndGlobalSection
EndGlobal
